// !$*UTF8*$!
{
	archiveVersion = 1;
	classes = {
	};
	objectVersion = 56;
	objects = {

/* Begin PBXBuildFile section */
		5501B6382A6FB2A1008378F0 /* AppDelegate.swift in Sources */ = {isa = PBXBuildFile; fileRef = 5501B6372A6FB2A1008378F0 /* AppDelegate.swift */; };
		5501B63A2A6FB2A1008378F0 /* SceneDelegate.swift in Sources */ = {isa = PBXBuildFile; fileRef = 5501B6392A6FB2A1008378F0 /* SceneDelegate.swift */; };
		5501B63C2A6FB2A1008378F0 /* EmotionViewController.swift in Sources */ = {isa = PBXBuildFile; fileRef = 5501B63B2A6FB2A1008378F0 /* EmotionViewController.swift */; };
		5501B63F2A6FB2A1008378F0 /* Main.storyboard in Resources */ = {isa = PBXBuildFile; fileRef = 5501B63D2A6FB2A1008378F0 /* Main.storyboard */; };
		5501B6412A6FB2A3008378F0 /* Assets.xcassets in Resources */ = {isa = PBXBuildFile; fileRef = 5501B6402A6FB2A3008378F0 /* Assets.xcassets */; };
		5501B6442A6FB2A4008378F0 /* LaunchScreen.storyboard in Resources */ = {isa = PBXBuildFile; fileRef = 5501B6422A6FB2A4008378F0 /* LaunchScreen.storyboard */; };
		5501B64C2A6FBA8E008378F0 /* StaticsViewController.swift in Sources */ = {isa = PBXBuildFile; fileRef = 5501B64B2A6FBA8E008378F0 /* StaticsViewController.swift */; };
		5501B64E2A6FBF1A008378F0 /* Emotion.swift in Sources */ = {isa = PBXBuildFile; fileRef = 5501B64D2A6FBF1A008378F0 /* Emotion.swift */; };
		5501B6502A6FC066008378F0 /* UserDefault.swift in Sources */ = {isa = PBXBuildFile; fileRef = 5501B64F2A6FC066008378F0 /* UserDefault.swift */; };
		5501B6532A6FCC86008378F0 /* SnapKit in Frameworks */ = {isa = PBXBuildFile; productRef = 5501B6522A6FCC86008378F0 /* SnapKit */; };
/* End PBXBuildFile section */

/* Begin PBXFileReference section */
		5501B6342A6FB2A1008378F0 /* EmotionApp.app */ = {isa = PBXFileReference; explicitFileType = wrapper.application; includeInIndex = 0; path = EmotionApp.app; sourceTree = BUILT_PRODUCTS_DIR; };
		5501B6372A6FB2A1008378F0 /* AppDelegate.swift */ = {isa = PBXFileReference; lastKnownFileType = sourcecode.swift; path = AppDelegate.swift; sourceTree = "<group>"; };
		5501B6392A6FB2A1008378F0 /* SceneDelegate.swift */ = {isa = PBXFileReference; lastKnownFileType = sourcecode.swift; path = SceneDelegate.swift; sourceTree = "<group>"; };
		5501B63B2A6FB2A1008378F0 /* EmotionViewController.swift */ = {isa = PBXFileReference; lastKnownFileType = sourcecode.swift; path = EmotionViewController.swift; sourceTree = "<group>"; };
		5501B63E2A6FB2A1008378F0 /* Base */ = {isa = PBXFileReference; lastKnownFileType = file.storyboard; name = Base; path = Base.lproj/Main.storyboard; sourceTree = "<group>"; };
		5501B6402A6FB2A3008378F0 /* Assets.xcassets */ = {isa = PBXFileReference; lastKnownFileType = folder.assetcatalog; path = Assets.xcassets; sourceTree = "<group>"; };
		5501B6432A6FB2A4008378F0 /* Base */ = {isa = PBXFileReference; lastKnownFileType = file.storyboard; name = Base; path = Base.lproj/LaunchScreen.storyboard; sourceTree = "<group>"; };
		5501B6452A6FB2A4008378F0 /* Info.plist */ = {isa = PBXFileReference; lastKnownFileType = text.plist.xml; path = Info.plist; sourceTree = "<group>"; };
		5501B64B2A6FBA8E008378F0 /* StaticsViewController.swift */ = {isa = PBXFileReference; lastKnownFileType = sourcecode.swift; path = StaticsViewController.swift; sourceTree = "<group>"; };
		5501B64D2A6FBF1A008378F0 /* Emotion.swift */ = {isa = PBXFileReference; lastKnownFileType = sourcecode.swift; path = Emotion.swift; sourceTree = "<group>"; };
		5501B64F2A6FC066008378F0 /* UserDefault.swift */ = {isa = PBXFileReference; lastKnownFileType = sourcecode.swift; path = UserDefault.swift; sourceTree = "<group>"; };
/* End PBXFileReference section */

/* Begin PBXFrameworksBuildPhase section */
		5501B6312A6FB2A1008378F0 /* Frameworks */ = {
			isa = PBXFrameworksBuildPhase;
			buildActionMask = 2147483647;
			files = (
				5501B6532A6FCC86008378F0 /* SnapKit in Frameworks */,
			);
			runOnlyForDeploymentPostprocessing = 0;
		};
/* End PBXFrameworksBuildPhase section */

/* Begin PBXGroup section */
		5501B62B2A6FB2A1008378F0 = {
			isa = PBXGroup;
			children = (
				5501B6362A6FB2A1008378F0 /* EmotionApp */,
				5501B6352A6FB2A1008378F0 /* Products */,
			);
			sourceTree = "<group>";
		};
		5501B6352A6FB2A1008378F0 /* Products */ = {
			isa = PBXGroup;
			children = (
				5501B6342A6FB2A1008378F0 /* EmotionApp.app */,
			);
			name = Products;
			sourceTree = "<group>";
		};
		5501B6362A6FB2A1008378F0 /* EmotionApp */ = {
			isa = PBXGroup;
			children = (
				5501B6372A6FB2A1008378F0 /* AppDelegate.swift */,
				5501B6392A6FB2A1008378F0 /* SceneDelegate.swift */,
				5501B6402A6FB2A3008378F0 /* Assets.xcassets */,
				5501B6452A6FB2A4008378F0 /* Info.plist */,
				5501B6572A6FDC24008378F0 /* Helper */,
				5501B6562A6FDC1E008378F0 /* View */,
				5501B6552A6FDC15008378F0 /* Model */,
				5501B6542A6FDC08008378F0 /* ViewController */,
			);
			path = EmotionApp;
			sourceTree = "<group>";
		};
		5501B6542A6FDC08008378F0 /* ViewController */ = {
			isa = PBXGroup;
			children = (
				5501B63B2A6FB2A1008378F0 /* EmotionViewController.swift */,
				5501B64B2A6FBA8E008378F0 /* StaticsViewController.swift */,
			);
			path = ViewController;
			sourceTree = "<group>";
		};
		5501B6552A6FDC15008378F0 /* Model */ = {
			isa = PBXGroup;
			children = (
				5501B64D2A6FBF1A008378F0 /* Emotion.swift */,
			);
			path = Model;
			sourceTree = "<group>";
		};
		5501B6562A6FDC1E008378F0 /* View */ = {
			isa = PBXGroup;
			children = (
				5501B63D2A6FB2A1008378F0 /* Main.storyboard */,
				5501B6422A6FB2A4008378F0 /* LaunchScreen.storyboard */,
			);
			path = View;
			sourceTree = "<group>";
		};
		5501B6572A6FDC24008378F0 /* Helper */ = {
			isa = PBXGroup;
			children = (
				5501B64F2A6FC066008378F0 /* UserDefault.swift */,
			);
			path = Helper;
			sourceTree = "<group>";
		};
/* End PBXGroup section */

/* Begin PBXNativeTarget section */
		5501B6332A6FB2A1008378F0 /* EmotionApp */ = {
			isa = PBXNativeTarget;
			buildConfigurationList = 5501B6482A6FB2A4008378F0 /* Build configuration list for PBXNativeTarget "EmotionApp" */;
			buildPhases = (
				5501B6302A6FB2A1008378F0 /* Sources */,
				5501B6312A6FB2A1008378F0 /* Frameworks */,
				5501B6322A6FB2A1008378F0 /* Resources */,
			);
			buildRules = (
			);
			dependencies = (
			);
			name = EmotionApp;
			packageProductDependencies = (
				5501B6522A6FCC86008378F0 /* SnapKit */,
			);
			productName = EmotionApp;
			productReference = 5501B6342A6FB2A1008378F0 /* EmotionApp.app */;
			productType = "com.apple.product-type.application";
		};
/* End PBXNativeTarget section */

/* Begin PBXProject section */
		5501B62C2A6FB2A1008378F0 /* Project object */ = {
			isa = PBXProject;
			attributes = {
				BuildIndependentTargetsInParallel = 1;
				LastSwiftUpdateCheck = 1430;
				LastUpgradeCheck = 1430;
				TargetAttributes = {
					5501B6332A6FB2A1008378F0 = {
						CreatedOnToolsVersion = 14.3.1;
					};
				};
			};
			buildConfigurationList = 5501B62F2A6FB2A1008378F0 /* Build configuration list for PBXProject "EmotionApp" */;
			compatibilityVersion = "Xcode 14.0";
			developmentRegion = en;
			hasScannedForEncodings = 0;
			knownRegions = (
				en,
				Base,
			);
			mainGroup = 5501B62B2A6FB2A1008378F0;
			packageReferences = (
				5501B6512A6FCC86008378F0 /* XCRemoteSwiftPackageReference "SnapKit" */,
			);
			productRefGroup = 5501B6352A6FB2A1008378F0 /* Products */;
			projectDirPath = "";
			projectRoot = "";
			targets = (
				5501B6332A6FB2A1008378F0 /* EmotionApp */,
			);
		};
/* End PBXProject section */

/* Begin PBXResourcesBuildPhase section */
		5501B6322A6FB2A1008378F0 /* Resources */ = {
			isa = PBXResourcesBuildPhase;
			buildActionMask = 2147483647;
			files = (
				5501B6442A6FB2A4008378F0 /* LaunchScreen.storyboard in Resources */,
				5501B6412A6FB2A3008378F0 /* Assets.xcassets in Resources */,
				5501B63F2A6FB2A1008378F0 /* Main.storyboard in Resources */,
			);
			runOnlyForDeploymentPostprocessing = 0;
		};
/* End PBXResourcesBuildPhase section */

/* Begin PBXSourcesBuildPhase section */
		5501B6302A6FB2A1008378F0 /* Sources */ = {
			isa = PBXSourcesBuildPhase;
			buildActionMask = 2147483647;
			files = (
				5501B64C2A6FBA8E008378F0 /* StaticsViewController.swift in Sources */,
				5501B63C2A6FB2A1008378F0 /* EmotionViewController.swift in Sources */,
				5501B6502A6FC066008378F0 /* UserDefault.swift in Sources */,
				5501B6382A6FB2A1008378F0 /* AppDelegate.swift in Sources */,
				5501B64E2A6FBF1A008378F0 /* Emotion.swift in Sources */,
				5501B63A2A6FB2A1008378F0 /* SceneDelegate.swift in Sources */,
			);
			runOnlyForDeploymentPostprocessing = 0;
		};
/* End PBXSourcesBuildPhase section */

/* Begin PBXVariantGroup section */
		5501B63D2A6FB2A1008378F0 /* Main.storyboard */ = {
			isa = PBXVariantGroup;
			children = (
				5501B63E2A6FB2A1008378F0 /* Base */,
			);
			name = Main.storyboard;
			sourceTree = "<group>";
		};
		5501B6422A6FB2A4008378F0 /* LaunchScreen.storyboard */ = {
			isa = PBXVariantGroup;
			children = (
				5501B6432A6FB2A4008378F0 /* Base */,
			);
			name = LaunchScreen.storyboard;
			sourceTree = "<group>";
		};
/* End PBXVariantGroup section */

/* Begin XCBuildConfiguration section */
		5501B6462A6FB2A4008378F0 /* Debug */ = {
			isa = XCBuildConfiguration;
			buildSettings = {
				ALWAYS_SEARCH_USER_PATHS = NO;
				CLANG_ANALYZER_NONNULL = YES;
				CLANG_ANALYZER_NUMBER_OBJECT_CONVERSION = YES_AGGRESSIVE;
				CLANG_CXX_LANGUAGE_STANDARD = "gnu++20";
				CLANG_ENABLE_MODULES = YES;
				CLANG_ENABLE_OBJC_ARC = YES;
				CLANG_ENABLE_OBJC_WEAK = YES;
				CLANG_WARN_BLOCK_CAPTURE_AUTORELEASING = YES;
				CLANG_WARN_BOOL_CONVERSION = YES;
				CLANG_WARN_COMMA = YES;
				CLANG_WARN_CONSTANT_CONVERSION = YES;
				CLANG_WARN_DEPRECATED_OBJC_IMPLEMENTATIONS = YES;
				CLANG_WARN_DIRECT_OBJC_ISA_USAGE = YES_ERROR;
				CLANG_WARN_DOCUMENTATION_COMMENTS = YES;
				CLANG_WARN_EMPTY_BODY = YES;
				CLANG_WARN_ENUM_CONVERSION = YES;
				CLANG_WARN_INFINITE_RECURSION = YES;
				CLANG_WARN_INT_CONVERSION = YES;
				CLANG_WARN_NON_LITERAL_NULL_CONVERSION = YES;
				CLANG_WARN_OBJC_IMPLICIT_RETAIN_SELF = YES;
				CLANG_WARN_OBJC_LITERAL_CONVERSION = YES;
				CLANG_WARN_OBJC_ROOT_CLASS = YES_ERROR;
				CLANG_WARN_QUOTED_INCLUDE_IN_FRAMEWORK_HEADER = YES;
				CLANG_WARN_RANGE_LOOP_ANALYSIS = YES;
				CLANG_WARN_STRICT_PROTOTYPES = YES;
				CLANG_WARN_SUSPICIOUS_MOVE = YES;
				CLANG_WARN_UNGUARDED_AVAILABILITY = YES_AGGRESSIVE;
				CLANG_WARN_UNREACHABLE_CODE = YES;
				CLANG_WARN__DUPLICATE_METHOD_MATCH = YES;
				COPY_PHASE_STRIP = NO;
				DEBUG_INFORMATION_FORMAT = dwarf;
				ENABLE_STRICT_OBJC_MSGSEND = YES;
				ENABLE_TESTABILITY = YES;
				GCC_C_LANGUAGE_STANDARD = gnu11;
				GCC_DYNAMIC_NO_PIC = NO;
				GCC_NO_COMMON_BLOCKS = YES;
				GCC_OPTIMIZATION_LEVEL = 0;
				GCC_PREPROCESSOR_DEFINITIONS = (
					"DEBUG=1",
					"$(inherited)",
				);
				GCC_WARN_64_TO_32_BIT_CONVERSION = YES;
				GCC_WARN_ABOUT_RETURN_TYPE = YES_ERROR;
				GCC_WARN_UNDECLARED_SELECTOR = YES;
				GCC_WARN_UNINITIALIZED_AUTOS = YES_AGGRESSIVE;
				GCC_WARN_UNUSED_FUNCTION = YES;
				GCC_WARN_UNUSED_VARIABLE = YES;
				IPHONEOS_DEPLOYMENT_TARGET = 16.4;
				MTL_ENABLE_DEBUG_INFO = INCLUDE_SOURCE;
				MTL_FAST_MATH = YES;
				ONLY_ACTIVE_ARCH = YES;
				SDKROOT = iphoneos;
				SWIFT_ACTIVE_COMPILATION_CONDITIONS = DEBUG;
				SWIFT_OPTIMIZATION_LEVEL = "-Onone";
			};
			name = Debug;
		};
		5501B6472A6FB2A4008378F0 /* Release */ = {
			isa = XCBuildConfiguration;
			buildSettings = {
				ALWAYS_SEARCH_USER_PATHS = NO;
				CLANG_ANALYZER_NONNULL = YES;
				CLANG_ANALYZER_NUMBER_OBJECT_CONVERSION = YES_AGGRESSIVE;
				CLANG_CXX_LANGUAGE_STANDARD = "gnu++20";
				CLANG_ENABLE_MODULES = YES;
				CLANG_ENABLE_OBJC_ARC = YES;
				CLANG_ENABLE_OBJC_WEAK = YES;
				CLANG_WARN_BLOCK_CAPTURE_AUTORELEASING = YES;
				CLANG_WARN_BOOL_CONVERSION = YES;
				CLANG_WARN_COMMA = YES;
				CLANG_WARN_CONSTANT_CONVERSION = YES;
				CLANG_WARN_DEPRECATED_OBJC_IMPLEMENTATIONS = YES;
				CLANG_WARN_DIRECT_OBJC_ISA_USAGE = YES_ERROR;
				CLANG_WARN_DOCUMENTATION_COMMENTS = YES;
				CLANG_WARN_EMPTY_BODY = YES;
				CLANG_WARN_ENUM_CONVERSION = YES;
				CLANG_WARN_INFINITE_RECURSION = YES;
				CLANG_WARN_INT_CONVERSION = YES;
				CLANG_WARN_NON_LITERAL_NULL_CONVERSION = YES;
				CLANG_WARN_OBJC_IMPLICIT_RETAIN_SELF = YES;
				CLANG_WARN_OBJC_LITERAL_CONVERSION = YES;
				CLANG_WARN_OBJC_ROOT_CLASS = YES_ERROR;
				CLANG_WARN_QUOTED_INCLUDE_IN_FRAMEWORK_HEADER = YES;
				CLANG_WARN_RANGE_LOOP_ANALYSIS = YES;
				CLANG_WARN_STRICT_PROTOTYPES = YES;
				CLANG_WARN_SUSPICIOUS_MOVE = YES;
				CLANG_WARN_UNGUARDED_AVAILABILITY = YES_AGGRESSIVE;
				CLANG_WARN_UNREACHABLE_CODE = YES;
				CLANG_WARN__DUPLICATE_METHOD_MATCH = YES;
				COPY_PHASE_STRIP = NO;
				DEBUG_INFORMATION_FORMAT = "dwarf-with-dsym";
				ENABLE_NS_ASSERTIONS = NO;
				ENABLE_STRICT_OBJC_MSGSEND = YES;
				GCC_C_LANGUAGE_STANDARD = gnu11;
				GCC_NO_COMMON_BLOCKS = YES;
				GCC_WARN_64_TO_32_BIT_CONVERSION = YES;
				GCC_WARN_ABOUT_RETURN_TYPE = YES_ERROR;
				GCC_WARN_UNDECLARED_SELECTOR = YES;
				GCC_WARN_UNINITIALIZED_AUTOS = YES_AGGRESSIVE;
				GCC_WARN_UNUSED_FUNCTION = YES;
				GCC_WARN_UNUSED_VARIABLE = YES;
				IPHONEOS_DEPLOYMENT_TARGET = 16.4;
				MTL_ENABLE_DEBUG_INFO = NO;
				MTL_FAST_MATH = YES;
				SDKROOT = iphoneos;
				SWIFT_COMPILATION_MODE = wholemodule;
				SWIFT_OPTIMIZATION_LEVEL = "-O";
				VALIDATE_PRODUCT = YES;
			};
			name = Release;
		};
		5501B6492A6FB2A4008378F0 /* Debug */ = {
			isa = XCBuildConfiguration;
			buildSettings = {
				ASSETCATALOG_COMPILER_APPICON_NAME = AppIcon;
				ASSETCATALOG_COMPILER_GLOBAL_ACCENT_COLOR_NAME = AccentColor;
				CODE_SIGN_STYLE = Automatic;
				CURRENT_PROJECT_VERSION = 1;
				DEVELOPMENT_TEAM = VJ2VF4KUF7;
				GENERATE_INFOPLIST_FILE = YES;
				INFOPLIST_FILE = EmotionApp/Info.plist;
				INFOPLIST_KEY_UIApplicationSupportsIndirectInputEvents = YES;
				INFOPLIST_KEY_UILaunchStoryboardName = LaunchScreen;
				INFOPLIST_KEY_UIMainStoryboardFile = Main;
				INFOPLIST_KEY_UISupportedInterfaceOrientations_iPad = "UIInterfaceOrientationPortrait UIInterfaceOrientationPortraitUpsideDown UIInterfaceOrientationLandscapeLeft UIInterfaceOrientationLandscapeRight";
				INFOPLIST_KEY_UISupportedInterfaceOrientations_iPhone = "UIInterfaceOrientationPortrait UIInterfaceOrientationLandscapeLeft UIInterfaceOrientationLandscapeRight";
				LD_RUNPATH_SEARCH_PATHS = (
					"$(inherited)",
					"@executable_path/Frameworks",
				);
				MARKETING_VERSION = 1.0;
				PRODUCT_BUNDLE_IDENTIFIER = com.Jimmy.EmotionApp;
				PRODUCT_NAME = "$(TARGET_NAME)";
				SWIFT_EMIT_LOC_STRINGS = YES;
				SWIFT_VERSION = 5.0;
				TARGETED_DEVICE_FAMILY = "1,2";
			};
			name = Debug;
		};
		5501B64A2A6FB2A4008378F0 /* Release */ = {
			isa = XCBuildConfiguration;
			buildSettings = {
				ASSETCATALOG_COMPILER_APPICON_NAME = AppIcon;
				ASSETCATALOG_COMPILER_GLOBAL_ACCENT_COLOR_NAME = AccentColor;
				CODE_SIGN_STYLE = Automatic;
				CURRENT_PROJECT_VERSION = 1;
				DEVELOPMENT_TEAM = VJ2VF4KUF7;
				GENERATE_INFOPLIST_FILE = YES;
				INFOPLIST_FILE = EmotionApp/Info.plist;
				INFOPLIST_KEY_UIApplicationSupportsIndirectInputEvents = YES;
				INFOPLIST_KEY_UILaunchStoryboardName = LaunchScreen;
				INFOPLIST_KEY_UIMainStoryboardFile = Main;
				INFOPLIST_KEY_UISupportedInterfaceOrientations_iPad = "UIInterfaceOrientationPortrait UIInterfaceOrientationPortraitUpsideDown UIInterfaceOrientationLandscapeLeft UIInterfaceOrientationLandscapeRight";
				INFOPLIST_KEY_UISupportedInterfaceOrientations_iPhone = "UIInterfaceOrientationPortrait UIInterfaceOrientationLandscapeLeft UIInterfaceOrientationLandscapeRight";
				LD_RUNPATH_SEARCH_PATHS = (
					"$(inherited)",
					"@executable_path/Frameworks",
				);
				MARKETING_VERSION = 1.0;
				PRODUCT_BUNDLE_IDENTIFIER = com.Jimmy.EmotionApp;
				PRODUCT_NAME = "$(TARGET_NAME)";
				SWIFT_EMIT_LOC_STRINGS = YES;
				SWIFT_VERSION = 5.0;
				TARGETED_DEVICE_FAMILY = "1,2";
			};
			name = Release;
		};
/* End XCBuildConfiguration section */

/* Begin XCConfigurationList section */
		5501B62F2A6FB2A1008378F0 /* Build configuration list for PBXProject "EmotionApp" */ = {
			isa = XCConfigurationList;
			buildConfigurations = (
				5501B6462A6FB2A4008378F0 /* Debug */,
				5501B6472A6FB2A4008378F0 /* Release */,
			);
			defaultConfigurationIsVisible = 0;
			defaultConfigurationName = Release;
		};
		5501B6482A6FB2A4008378F0 /* Build configuration list for PBXNativeTarget "EmotionApp" */ = {
			isa = XCConfigurationList;
			buildConfigurations = (
				5501B6492A6FB2A4008378F0 /* Debug */,
				5501B64A2A6FB2A4008378F0 /* Release */,
			);
			defaultConfigurationIsVisible = 0;
			defaultConfigurationName = Release;
		};
/* End XCConfigurationList section */

/* Begin XCRemoteSwiftPackageReference section */
		5501B6512A6FCC86008378F0 /* XCRemoteSwiftPackageReference "SnapKit" */ = {
			isa = XCRemoteSwiftPackageReference;
			repositoryURL = "https://github.com/SnapKit/SnapKit.git";
			requirement = {
				kind = upToNextMajorVersion;
				minimumVersion = 5.0.0;
			};
		};
/* End XCRemoteSwiftPackageReference section */

/* Begin XCSwiftPackageProductDependency section */
		5501B6522A6FCC86008378F0 /* SnapKit */ = {
			isa = XCSwiftPackageProductDependency;
			package = 5501B6512A6FCC86008378F0 /* XCRemoteSwiftPackageReference "SnapKit" */;
			productName = SnapKit;
		};
/* End XCSwiftPackageProductDependency section */
	};
	rootObject = 5501B62C2A6FB2A1008378F0 /* Project object */;
}
